
Microsoft Visual Studio Solution File, Format Version 12.00
# Visual Studio Version 17
VisualStudioVersion = 17.12.35323.107
MinimumVisualStudioVersion = 10.0.40219.1
Project("{FAE04EC0-301F-11D3-BF4B-00C04F79EFBC}") = "TestProj", "TestProj\TestProj.csproj", "{C9A1BF0C-2B22-419E-B6C5-6F8079B8A0E9}"
EndProject
Global
	GlobalSection(SolutionConfigurationPlatforms) = preSolution
		Debug|Any CPU = Debug|Any CPU
		Release|Any CPU = Release|Any CPU
	EndGlobalSection
	GlobalSection(ProjectConfigurationPlatforms) = postSolution
		{C9A1BF0C-2B22-419E-B6C5-6F8079B8A0E9}.Debug|Any CPU.ActiveCfg = Debug|Any CPU
		{C9A1BF0C-2B22-419E-B6C5-6F8079B8A0E9}.Debug|Any CPU.Build.0 = Debug|Any CPU
		{C9A1BF0C-2B22-419E-B6C5-6F8079B8A0E9}.Release|Any CPU.ActiveCfg = Release|Any CPU
		{C9A1BF0C-2B22-419E-B6C5-6F8079B8A0E9}.Release|Any CPU.Build.0 = Release|Any CPU
	EndGlobalSection
	GlobalSection(SolutionProperties) = preSolution
		HideSolutionNode = FALSE
	EndGlobalSection
	GlobalSection(ExtensibilityGlobals) = postSolution
		SolutionGuid = {809AAFEF-F23A-49F1-9A2E-E14D605B8428}
	EndGlobalSection
EndGlobal
